// !$*UTF8*$!
{
	archiveVersion = 1;
	classes = {
	};
	objectVersion = 55;
	objects = {

/* Begin PBXBuildFile section */
		C33C771C29759A58002FDD22 /* AppDelegate.swift in Sources */ = {isa = PBXBuildFile; fileRef = C33C771B29759A58002FDD22 /* AppDelegate.swift */; };
		C33C771E29759A58002FDD22 /* SceneDelegate.swift in Sources */ = {isa = PBXBuildFile; fileRef = C33C771D29759A58002FDD22 /* SceneDelegate.swift */; };
		C33C772029759A58002FDD22 /* ViewController.swift in Sources */ = {isa = PBXBuildFile; fileRef = C33C771F29759A58002FDD22 /* ViewController.swift */; };
		C33C772529759A5A002FDD22 /* Assets.xcassets in Resources */ = {isa = PBXBuildFile; fileRef = C33C772429759A5A002FDD22 /* Assets.xcassets */; };
		C33C772829759A5A002FDD22 /* LaunchScreen.storyboard in Resources */ = {isa = PBXBuildFile; fileRef = C33C772629759A5A002FDD22 /* LaunchScreen.storyboard */; };
		C33C773329759A5A002FDD22 /* RickAndMortyTests.swift in Sources */ = {isa = PBXBuildFile; fileRef = C33C773229759A5A002FDD22 /* RickAndMortyTests.swift */; };
		C33C776C2975A76C002FDD22 /* Coordinator.swift in Sources */ = {isa = PBXBuildFile; fileRef = C33C776B2975A76C002FDD22 /* Coordinator.swift */; };
		C33C776E2975A81C002FDD22 /* AppFactory.swift in Sources */ = {isa = PBXBuildFile; fileRef = C33C776D2975A81C002FDD22 /* AppFactory.swift */; };
		C33C777029760B41002FDD22 /* HomeCoordinator.swift in Sources */ = {isa = PBXBuildFile; fileRef = C33C776F29760B41002FDD22 /* HomeCoordinator.swift */; };
		C33C777229760B9E002FDD22 /* HomeFactory.swift in Sources */ = {isa = PBXBuildFile; fileRef = C33C777129760B9E002FDD22 /* HomeFactory.swift */; };
		C33C77792976336A002FDD22 /* HomeView.swift in Sources */ = {isa = PBXBuildFile; fileRef = C33C77772976336A002FDD22 /* HomeView.swift */; };
		C33C777A2976336A002FDD22 /* HomeView.xib in Resources */ = {isa = PBXBuildFile; fileRef = C33C77782976336A002FDD22 /* HomeView.xib */; };
		C33C777C29763BB8002FDD22 /* HomeItemCell.swift in Sources */ = {isa = PBXBuildFile; fileRef = C33C777B29763BB8002FDD22 /* HomeItemCell.swift */; };
		C33C777E29763D19002FDD22 /* UIView+Contraints.swift in Sources */ = {isa = PBXBuildFile; fileRef = C33C777D29763D19002FDD22 /* UIView+Contraints.swift */; };
		C33C778029763F7B002FDD22 /* ReuseIdentifierCell.swift in Sources */ = {isa = PBXBuildFile; fileRef = C33C777F29763F7B002FDD22 /* ReuseIdentifierCell.swift */; };
		C33C778229764715002FDD22 /* ResourceImage.swift in Sources */ = {isa = PBXBuildFile; fileRef = C33C778129764715002FDD22 /* ResourceImage.swift */; };
		C33C77882976F4A2002FDD22 /* MenuItem.swift in Sources */ = {isa = PBXBuildFile; fileRef = C33C77872976F4A2002FDD22 /* MenuItem.swift */; };
		C33C778B2976F503002FDD22 /* MenuRepository.swift in Sources */ = {isa = PBXBuildFile; fileRef = C33C778A2976F503002FDD22 /* MenuRepository.swift */; };
		C33C778E2976F605002FDD22 /* LoadMenuUseCase.swift in Sources */ = {isa = PBXBuildFile; fileRef = C33C778D2976F605002FDD22 /* LoadMenuUseCase.swift */; };
		C33C77922976F78C002FDD22 /* HomeViewModel.swift in Sources */ = {isa = PBXBuildFile; fileRef = C33C77912976F78C002FDD22 /* HomeViewModel.swift */; };
		C33C779429770D4E002FDD22 /* HomeItemCellViewModel.swift in Sources */ = {isa = PBXBuildFile; fileRef = C33C779329770D4E002FDD22 /* HomeItemCellViewModel.swift */; };
		C33C77962977536D002FDD22 /* StateController.swift in Sources */ = {isa = PBXBuildFile; fileRef = C33C77952977536D002FDD22 /* StateController.swift */; };
		C33C7799297761CB002FDD22 /* ApiClienteService.swift in Sources */ = {isa = PBXBuildFile; fileRef = C33C7798297761CB002FDD22 /* ApiClienteService.swift */; };
		C33C779C297798FC002FDD22 /* ApiError.swift in Sources */ = {isa = PBXBuildFile; fileRef = C33C779B297798FC002FDD22 /* ApiError.swift */; };
		C33C779F297827BF002FDD22 /* HttpStatusResponse.swift in Sources */ = {isa = PBXBuildFile; fileRef = C33C779E297827BF002FDD22 /* HttpStatusResponse.swift */; };
/* End PBXBuildFile section */

/* Begin PBXContainerItemProxy section */
		C33C772F29759A5A002FDD22 /* PBXContainerItemProxy */ = {
			isa = PBXContainerItemProxy;
			containerPortal = C33C771029759A58002FDD22 /* Project object */;
			proxyType = 1;
			remoteGlobalIDString = C33C771729759A58002FDD22;
			remoteInfo = RickAndMorty;
		};
		C33C773929759A5A002FDD22 /* PBXContainerItemProxy */ = {
			isa = PBXContainerItemProxy;
			containerPortal = C33C771029759A58002FDD22 /* Project object */;
			proxyType = 1;
			remoteGlobalIDString = C33C771729759A58002FDD22;
			remoteInfo = RickAndMorty;
		};
/* End PBXContainerItemProxy section */

/* Begin PBXFileReference section */
		C33C771829759A58002FDD22 /* RickAndMorty.app */ = {isa = PBXFileReference; explicitFileType = wrapper.application; includeInIndex = 0; path = RickAndMorty.app; sourceTree = BUILT_PRODUCTS_DIR; };
		C33C771B29759A58002FDD22 /* AppDelegate.swift */ = {isa = PBXFileReference; lastKnownFileType = sourcecode.swift; path = AppDelegate.swift; sourceTree = "<group>"; };
		C33C771D29759A58002FDD22 /* SceneDelegate.swift */ = {isa = PBXFileReference; lastKnownFileType = sourcecode.swift; path = SceneDelegate.swift; sourceTree = "<group>"; };
		C33C771F29759A58002FDD22 /* ViewController.swift */ = {isa = PBXFileReference; lastKnownFileType = sourcecode.swift; path = ViewController.swift; sourceTree = "<group>"; };
		C33C772429759A5A002FDD22 /* Assets.xcassets */ = {isa = PBXFileReference; lastKnownFileType = folder.assetcatalog; path = Assets.xcassets; sourceTree = "<group>"; };
		C33C772729759A5A002FDD22 /* Base */ = {isa = PBXFileReference; lastKnownFileType = file.storyboard; name = Base; path = Base.lproj/LaunchScreen.storyboard; sourceTree = "<group>"; };
		C33C772929759A5A002FDD22 /* Info.plist */ = {isa = PBXFileReference; lastKnownFileType = text.plist.xml; path = Info.plist; sourceTree = "<group>"; };
		C33C772E29759A5A002FDD22 /* RickAndMortyTests.xctest */ = {isa = PBXFileReference; explicitFileType = wrapper.cfbundle; includeInIndex = 0; path = RickAndMortyTests.xctest; sourceTree = BUILT_PRODUCTS_DIR; };
		C33C773229759A5A002FDD22 /* RickAndMortyTests.swift */ = {isa = PBXFileReference; lastKnownFileType = sourcecode.swift; path = RickAndMortyTests.swift; sourceTree = "<group>"; };
		C33C773829759A5A002FDD22 /* RickAndMortyUITests.xctest */ = {isa = PBXFileReference; explicitFileType = wrapper.cfbundle; includeInIndex = 0; path = RickAndMortyUITests.xctest; sourceTree = BUILT_PRODUCTS_DIR; };
		C33C776B2975A76C002FDD22 /* Coordinator.swift */ = {isa = PBXFileReference; lastKnownFileType = sourcecode.swift; path = Coordinator.swift; sourceTree = "<group>"; };
		C33C776D2975A81C002FDD22 /* AppFactory.swift */ = {isa = PBXFileReference; lastKnownFileType = sourcecode.swift; path = AppFactory.swift; sourceTree = "<group>"; };
		C33C776F29760B41002FDD22 /* HomeCoordinator.swift */ = {isa = PBXFileReference; lastKnownFileType = sourcecode.swift; path = HomeCoordinator.swift; sourceTree = "<group>"; };
		C33C777129760B9E002FDD22 /* HomeFactory.swift */ = {isa = PBXFileReference; lastKnownFileType = sourcecode.swift; path = HomeFactory.swift; sourceTree = "<group>"; };
		C33C77772976336A002FDD22 /* HomeView.swift */ = {isa = PBXFileReference; lastKnownFileType = sourcecode.swift; path = HomeView.swift; sourceTree = "<group>"; };
		C33C77782976336A002FDD22 /* HomeView.xib */ = {isa = PBXFileReference; lastKnownFileType = file.xib; path = HomeView.xib; sourceTree = "<group>"; };
		C33C777B29763BB8002FDD22 /* HomeItemCell.swift */ = {isa = PBXFileReference; lastKnownFileType = sourcecode.swift; path = HomeItemCell.swift; sourceTree = "<group>"; };
		C33C777D29763D19002FDD22 /* UIView+Contraints.swift */ = {isa = PBXFileReference; lastKnownFileType = sourcecode.swift; path = "UIView+Contraints.swift"; sourceTree = "<group>"; };
		C33C777F29763F7B002FDD22 /* ReuseIdentifierCell.swift */ = {isa = PBXFileReference; lastKnownFileType = sourcecode.swift; path = ReuseIdentifierCell.swift; sourceTree = "<group>"; };
		C33C778129764715002FDD22 /* ResourceImage.swift */ = {isa = PBXFileReference; lastKnownFileType = sourcecode.swift; path = ResourceImage.swift; sourceTree = "<group>"; };
		C33C77872976F4A2002FDD22 /* MenuItem.swift */ = {isa = PBXFileReference; lastKnownFileType = sourcecode.swift; path = MenuItem.swift; sourceTree = "<group>"; };
		C33C778A2976F503002FDD22 /* MenuRepository.swift */ = {isa = PBXFileReference; lastKnownFileType = sourcecode.swift; path = MenuRepository.swift; sourceTree = "<group>"; };
		C33C778D2976F605002FDD22 /* LoadMenuUseCase.swift */ = {isa = PBXFileReference; lastKnownFileType = sourcecode.swift; path = LoadMenuUseCase.swift; sourceTree = "<group>"; };
		C33C77912976F78C002FDD22 /* HomeViewModel.swift */ = {isa = PBXFileReference; lastKnownFileType = sourcecode.swift; path = HomeViewModel.swift; sourceTree = "<group>"; };
		C33C779329770D4E002FDD22 /* HomeItemCellViewModel.swift */ = {isa = PBXFileReference; lastKnownFileType = sourcecode.swift; path = HomeItemCellViewModel.swift; sourceTree = "<group>"; };
		C33C77952977536D002FDD22 /* StateController.swift */ = {isa = PBXFileReference; lastKnownFileType = sourcecode.swift; path = StateController.swift; sourceTree = "<group>"; };
		C33C7798297761CB002FDD22 /* ApiClienteService.swift */ = {isa = PBXFileReference; lastKnownFileType = sourcecode.swift; path = ApiClienteService.swift; sourceTree = "<group>"; };
		C33C779B297798FC002FDD22 /* ApiError.swift */ = {isa = PBXFileReference; lastKnownFileType = sourcecode.swift; path = ApiError.swift; sourceTree = "<group>"; };
		C33C779E297827BF002FDD22 /* HttpStatusResponse.swift */ = {isa = PBXFileReference; lastKnownFileType = sourcecode.swift; path = HttpStatusResponse.swift; sourceTree = "<group>"; };
/* End PBXFileReference section */

/* Begin PBXFrameworksBuildPhase section */
		C33C771529759A58002FDD22 /* Frameworks */ = {
			isa = PBXFrameworksBuildPhase;
			buildActionMask = 2147483647;
			files = (
			);
			runOnlyForDeploymentPostprocessing = 0;
		};
		C33C772B29759A5A002FDD22 /* Frameworks */ = {
			isa = PBXFrameworksBuildPhase;
			buildActionMask = 2147483647;
			files = (
			);
			runOnlyForDeploymentPostprocessing = 0;
		};
		C33C773529759A5A002FDD22 /* Frameworks */ = {
			isa = PBXFrameworksBuildPhase;
			buildActionMask = 2147483647;
			files = (
			);
			runOnlyForDeploymentPostprocessing = 0;
		};
/* End PBXFrameworksBuildPhase section */

/* Begin PBXGroup section */
		C33C770F29759A58002FDD22 = {
			isa = PBXGroup;
			children = (
				C33C771A29759A58002FDD22 /* RickAndMorty */,
				C33C773129759A5A002FDD22 /* RickAndMortyTests */,
				C33C771929759A58002FDD22 /* Products */,
			);
			sourceTree = "<group>";
		};
		C33C771929759A58002FDD22 /* Products */ = {
			isa = PBXGroup;
			children = (
				C33C771829759A58002FDD22 /* RickAndMorty.app */,
				C33C772E29759A5A002FDD22 /* RickAndMortyTests.xctest */,
				C33C773829759A5A002FDD22 /* RickAndMortyUITests.xctest */,
			);
			name = Products;
			sourceTree = "<group>";
		};
		C33C771A29759A58002FDD22 /* RickAndMorty */ = {
			isa = PBXGroup;
			children = (
				C33C774B2975A278002FDD22 /* App */,
				C33C771F29759A58002FDD22 /* ViewController.swift */,
				C33C772929759A5A002FDD22 /* Info.plist */,
			);
			path = RickAndMorty;
			sourceTree = "<group>";
		};
		C33C773129759A5A002FDD22 /* RickAndMortyTests */ = {
			isa = PBXGroup;
			children = (
				C33C773229759A5A002FDD22 /* RickAndMortyTests.swift */,
			);
			path = RickAndMortyTests;
			sourceTree = "<group>";
		};
		C33C774B2975A278002FDD22 /* App */ = {
			isa = PBXGroup;
			children = (
				C33C77512975A40E002FDD22 /* Storage */,
				C33C77502975A3FB002FDD22 /* Resources */,
				C33C774F2975A3ED002FDD22 /* Networking */,
				C33C774E2975A2C8002FDD22 /* Commons */,
				C33C774D2975A2AB002FDD22 /* ScreenModules */,
				C33C774C2975A280002FDD22 /* CompositionRoot */,
			);
			path = App;
			sourceTree = "<group>";
		};
		C33C774C2975A280002FDD22 /* CompositionRoot */ = {
			isa = PBXGroup;
			children = (
				C33C776A2975A6FC002FDD22 /* System */,
				C33C77682975A632002FDD22 /* DIContainer */,
				C33C77672975A619002FDD22 /* Factories */,
				C33C77632975A5D2002FDD22 /* Coordinator */,
			);
			path = CompositionRoot;
			sourceTree = "<group>";
		};
		C33C774D2975A2AB002FDD22 /* ScreenModules */ = {
			isa = PBXGroup;
			children = (
				C33C77692975A66A002FDD22 /* LaunchScreen */,
				C33C77582975A4C9002FDD22 /* LocationDetail */,
				C33C77572975A4C5002FDD22 /* Origin */,
				C33C77562975A485002FDD22 /* Episodes */,
				C33C77552975A478002FDD22 /* Locations */,
				C33C77542975A45A002FDD22 /* CharacterDetail */,
				C33C77532975A446002FDD22 /* Characters */,
				C33C77522975A42D002FDD22 /* HomeMenu */,
			);
			path = ScreenModules;
			sourceTree = "<group>";
		};
		C33C774E2975A2C8002FDD22 /* Commons */ = {
			isa = PBXGroup;
			children = (
				C33C77622975A592002FDD22 /* Localize */,
				C33C77612975A580002FDD22 /* StateController */,
				C33C77602975A560002FDD22 /* Utils */,
				C33C775C2975A51E002FDD22 /* Layers */,
				C33C775A2975A4F3002FDD22 /* Constants */,
				C33C77592975A4E2002FDD22 /* Extensions */,
			);
			path = Commons;
			sourceTree = "<group>";
		};
		C33C774F2975A3ED002FDD22 /* Networking */ = {
			isa = PBXGroup;
			children = (
				C33C779D297827A4002FDD22 /* StatusResponse */,
				C33C779A297798EA002FDD22 /* Errors */,
				C33C7797297761A8002FDD22 /* ApiService */,
			);
			path = Networking;
			sourceTree = "<group>";
		};
		C33C77502975A3FB002FDD22 /* Resources */ = {
			isa = PBXGroup;
			children = (
				C33C772429759A5A002FDD22 /* Assets.xcassets */,
			);
			path = Resources;
			sourceTree = "<group>";
		};
		C33C77512975A40E002FDD22 /* Storage */ = {
			isa = PBXGroup;
			children = (
			);
			path = Storage;
			sourceTree = "<group>";
		};
		C33C77522975A42D002FDD22 /* HomeMenu */ = {
			isa = PBXGroup;
			children = (
				C33C77852976F433002FDD22 /* Data */,
				C33C77842976F41D002FDD22 /* Domain */,
				C33C77832976F417002FDD22 /* Presenter */,
			);
			path = HomeMenu;
			sourceTree = "<group>";
		};
		C33C77532975A446002FDD22 /* Characters */ = {
			isa = PBXGroup;
			children = (
			);
			path = Characters;
			sourceTree = "<group>";
		};
		C33C77542975A45A002FDD22 /* CharacterDetail */ = {
			isa = PBXGroup;
			children = (
			);
			path = CharacterDetail;
			sourceTree = "<group>";
		};
		C33C77552975A478002FDD22 /* Locations */ = {
			isa = PBXGroup;
			children = (
			);
			path = Locations;
			sourceTree = "<group>";
		};
		C33C77562975A485002FDD22 /* Episodes */ = {
			isa = PBXGroup;
			children = (
			);
			path = Episodes;
			sourceTree = "<group>";
		};
		C33C77572975A4C5002FDD22 /* Origin */ = {
			isa = PBXGroup;
			children = (
			);
			path = Origin;
			sourceTree = "<group>";
		};
		C33C77582975A4C9002FDD22 /* LocationDetail */ = {
			isa = PBXGroup;
			children = (
			);
			path = LocationDetail;
			sourceTree = "<group>";
		};
		C33C77592975A4E2002FDD22 /* Extensions */ = {
			isa = PBXGroup;
			children = (
				C33C777D29763D19002FDD22 /* UIView+Contraints.swift */,
			);
			path = Extensions;
			sourceTree = "<group>";
		};
		C33C775A2975A4F3002FDD22 /* Constants */ = {
			isa = PBXGroup;
			children = (
			);
			path = Constants;
			sourceTree = "<group>";
		};
		C33C775B2975A50B002FDD22 /* Components */ = {
			isa = PBXGroup;
			children = (
			);
			path = Components;
			sourceTree = "<group>";
		};
		C33C775C2975A51E002FDD22 /* Layers */ = {
			isa = PBXGroup;
			children = (
				C33C775E2975A528002FDD22 /* Domain */,
				C33C775F2975A535002FDD22 /* Presentation */,
				C33C775D2975A524002FDD22 /* Data */,
			);
			path = Layers;
			sourceTree = "<group>";
		};
		C33C775D2975A524002FDD22 /* Data */ = {
			isa = PBXGroup;
			children = (
			);
			path = Data;
			sourceTree = "<group>";
		};
		C33C775E2975A528002FDD22 /* Domain */ = {
			isa = PBXGroup;
			children = (
			);
			path = Domain;
			sourceTree = "<group>";
		};
		C33C775F2975A535002FDD22 /* Presentation */ = {
			isa = PBXGroup;
			children = (
				C33C775B2975A50B002FDD22 /* Components */,
				C33C77952977536D002FDD22 /* StateController.swift */,
			);
			path = Presentation;
			sourceTree = "<group>";
		};
		C33C77602975A560002FDD22 /* Utils */ = {
			isa = PBXGroup;
			children = (
				C33C777F29763F7B002FDD22 /* ReuseIdentifierCell.swift */,
				C33C778129764715002FDD22 /* ResourceImage.swift */,
			);
			path = Utils;
			sourceTree = "<group>";
		};
		C33C77612975A580002FDD22 /* StateController */ = {
			isa = PBXGroup;
			children = (
			);
			path = StateController;
			sourceTree = "<group>";
		};
		C33C77622975A592002FDD22 /* Localize */ = {
			isa = PBXGroup;
			children = (
			);
			path = Localize;
			sourceTree = "<group>";
		};
		C33C77632975A5D2002FDD22 /* Coordinator */ = {
			isa = PBXGroup;
			children = (
				C33C77662975A5F1002FDD22 /*  CoordinatorScreens */,
				C33C77642975A5E4002FDD22 /* Utils */,
				C33C776B2975A76C002FDD22 /* Coordinator.swift */,
			);
			path = Coordinator;
			sourceTree = "<group>";
		};
		C33C77642975A5E4002FDD22 /* Utils */ = {
			isa = PBXGroup;
			children = (
			);
			path = Utils;
			sourceTree = "<group>";
		};
		C33C77662975A5F1002FDD22 /*  CoordinatorScreens */ = {
			isa = PBXGroup;
			children = (
				C33C776F29760B41002FDD22 /* HomeCoordinator.swift */,
			);
			path = " CoordinatorScreens";
			sourceTree = "<group>";
		};
		C33C77672975A619002FDD22 /* Factories */ = {
			isa = PBXGroup;
			children = (
				C33C776D2975A81C002FDD22 /* AppFactory.swift */,
				C33C777129760B9E002FDD22 /* HomeFactory.swift */,
			);
			path = Factories;
			sourceTree = "<group>";
		};
		C33C77682975A632002FDD22 /* DIContainer */ = {
			isa = PBXGroup;
			children = (
			);
			path = DIContainer;
			sourceTree = "<group>";
		};
		C33C77692975A66A002FDD22 /* LaunchScreen */ = {
			isa = PBXGroup;
			children = (
				C33C772629759A5A002FDD22 /* LaunchScreen.storyboard */,
			);
			path = LaunchScreen;
			sourceTree = "<group>";
		};
		C33C776A2975A6FC002FDD22 /* System */ = {
			isa = PBXGroup;
			children = (
				C33C771B29759A58002FDD22 /* AppDelegate.swift */,
				C33C771D29759A58002FDD22 /* SceneDelegate.swift */,
			);
			path = System;
			sourceTree = "<group>";
		};
		C33C77832976F417002FDD22 /* Presenter */ = {
			isa = PBXGroup;
			children = (
				C33C778F2976F776002FDD22 /* Cell */,
				C33C77772976336A002FDD22 /* HomeView.swift */,
				C33C77782976336A002FDD22 /* HomeView.xib */,
				C33C77912976F78C002FDD22 /* HomeViewModel.swift */,
			);
			path = Presenter;
			sourceTree = "<group>";
		};
		C33C77842976F41D002FDD22 /* Domain */ = {
			isa = PBXGroup;
			children = (
				C33C778C2976F5EF002FDD22 /* UseCase */,
				C33C77862976F492002FDD22 /* Entity */,
			);
			path = Domain;
			sourceTree = "<group>";
		};
		C33C77852976F433002FDD22 /* Data */ = {
			isa = PBXGroup;
			children = (
				C33C77892976F4DD002FDD22 /* Repositories */,
			);
			path = Data;
			sourceTree = "<group>";
		};
		C33C77862976F492002FDD22 /* Entity */ = {
			isa = PBXGroup;
			children = (
				C33C77872976F4A2002FDD22 /* MenuItem.swift */,
			);
			path = Entity;
			sourceTree = "<group>";
		};
		C33C77892976F4DD002FDD22 /* Repositories */ = {
			isa = PBXGroup;
			children = (
				C33C778A2976F503002FDD22 /* MenuRepository.swift */,
			);
			path = Repositories;
			sourceTree = "<group>";
		};
		C33C778C2976F5EF002FDD22 /* UseCase */ = {
			isa = PBXGroup;
			children = (
				C33C778D2976F605002FDD22 /* LoadMenuUseCase.swift */,
			);
			path = UseCase;
			sourceTree = "<group>";
		};
		C33C778F2976F776002FDD22 /* Cell */ = {
			isa = PBXGroup;
			children = (
				C33C777B29763BB8002FDD22 /* HomeItemCell.swift */,
				C33C779329770D4E002FDD22 /* HomeItemCellViewModel.swift */,
			);
			path = Cell;
			sourceTree = "<group>";
		};
		C33C7797297761A8002FDD22 /* ApiService */ = {
			isa = PBXGroup;
			children = (
				C33C7798297761CB002FDD22 /* ApiClienteService.swift */,
			);
			path = ApiService;
			sourceTree = "<group>";
		};
		C33C779A297798EA002FDD22 /* Errors */ = {
			isa = PBXGroup;
			children = (
				C33C779B297798FC002FDD22 /* ApiError.swift */,
			);
			path = Errors;
			sourceTree = "<group>";
		};
		C33C779D297827A4002FDD22 /* StatusResponse */ = {
			isa = PBXGroup;
			children = (
				C33C779E297827BF002FDD22 /* HttpStatusResponse.swift */,
			);
			path = StatusResponse;
			sourceTree = "<group>";
		};
/* End PBXGroup section */

/* Begin PBXNativeTarget section */
		C33C771729759A58002FDD22 /* RickAndMorty */ = {
			isa = PBXNativeTarget;
			buildConfigurationList = C33C774229759A5A002FDD22 /* Build configuration list for PBXNativeTarget "RickAndMorty" */;
			buildPhases = (
				C33C771429759A58002FDD22 /* Sources */,
				C33C771529759A58002FDD22 /* Frameworks */,
				C33C771629759A58002FDD22 /* Resources */,
			);
			buildRules = (
			);
			dependencies = (
			);
			name = RickAndMorty;
			productName = RickAndMorty;
			productReference = C33C771829759A58002FDD22 /* RickAndMorty.app */;
			productType = "com.apple.product-type.application";
		};
		C33C772D29759A5A002FDD22 /* RickAndMortyTests */ = {
			isa = PBXNativeTarget;
			buildConfigurationList = C33C774529759A5A002FDD22 /* Build configuration list for PBXNativeTarget "RickAndMortyTests" */;
			buildPhases = (
				C33C772A29759A5A002FDD22 /* Sources */,
				C33C772B29759A5A002FDD22 /* Frameworks */,
				C33C772C29759A5A002FDD22 /* Resources */,
			);
			buildRules = (
			);
			dependencies = (
				C33C773029759A5A002FDD22 /* PBXTargetDependency */,
			);
			name = RickAndMortyTests;
			productName = RickAndMortyTests;
			productReference = C33C772E29759A5A002FDD22 /* RickAndMortyTests.xctest */;
			productType = "com.apple.product-type.bundle.unit-test";
		};
		C33C773729759A5A002FDD22 /* RickAndMortyUITests */ = {
			isa = PBXNativeTarget;
			buildConfigurationList = C33C774829759A5A002FDD22 /* Build configuration list for PBXNativeTarget "RickAndMortyUITests" */;
			buildPhases = (
				C33C773429759A5A002FDD22 /* Sources */,
				C33C773529759A5A002FDD22 /* Frameworks */,
				C33C773629759A5A002FDD22 /* Resources */,
			);
			buildRules = (
			);
			dependencies = (
				C33C773A29759A5A002FDD22 /* PBXTargetDependency */,
			);
			name = RickAndMortyUITests;
			productName = RickAndMortyUITests;
			productReference = C33C773829759A5A002FDD22 /* RickAndMortyUITests.xctest */;
			productType = "com.apple.product-type.bundle.ui-testing";
		};
/* End PBXNativeTarget section */

/* Begin PBXProject section */
		C33C771029759A58002FDD22 /* Project object */ = {
			isa = PBXProject;
			attributes = {
				BuildIndependentTargetsInParallel = 1;
				LastSwiftUpdateCheck = 1340;
				LastUpgradeCheck = 1340;
				TargetAttributes = {
					C33C771729759A58002FDD22 = {
						CreatedOnToolsVersion = 13.4.1;
					};
					C33C772D29759A5A002FDD22 = {
						CreatedOnToolsVersion = 13.4.1;
						TestTargetID = C33C771729759A58002FDD22;
					};
					C33C773729759A5A002FDD22 = {
						CreatedOnToolsVersion = 13.4.1;
						TestTargetID = C33C771729759A58002FDD22;
					};
				};
			};
			buildConfigurationList = C33C771329759A58002FDD22 /* Build configuration list for PBXProject "RickAndMorty" */;
			compatibilityVersion = "Xcode 13.0";
			developmentRegion = en;
			hasScannedForEncodings = 0;
			knownRegions = (
				en,
				Base,
			);
			mainGroup = C33C770F29759A58002FDD22;
			productRefGroup = C33C771929759A58002FDD22 /* Products */;
			projectDirPath = "";
			projectRoot = "";
			targets = (
				C33C771729759A58002FDD22 /* RickAndMorty */,
				C33C772D29759A5A002FDD22 /* RickAndMortyTests */,
				C33C773729759A5A002FDD22 /* RickAndMortyUITests */,
			);
		};
/* End PBXProject section */

/* Begin PBXResourcesBuildPhase section */
		C33C771629759A58002FDD22 /* Resources */ = {
			isa = PBXResourcesBuildPhase;
			buildActionMask = 2147483647;
			files = (
				C33C772829759A5A002FDD22 /* LaunchScreen.storyboard in Resources */,
				C33C772529759A5A002FDD22 /* Assets.xcassets in Resources */,
				C33C777A2976336A002FDD22 /* HomeView.xib in Resources */,
			);
			runOnlyForDeploymentPostprocessing = 0;
		};
		C33C772C29759A5A002FDD22 /* Resources */ = {
			isa = PBXResourcesBuildPhase;
			buildActionMask = 2147483647;
			files = (
			);
			runOnlyForDeploymentPostprocessing = 0;
		};
		C33C773629759A5A002FDD22 /* Resources */ = {
			isa = PBXResourcesBuildPhase;
			buildActionMask = 2147483647;
			files = (
			);
			runOnlyForDeploymentPostprocessing = 0;
		};
/* End PBXResourcesBuildPhase section */

/* Begin PBXSourcesBuildPhase section */
		C33C771429759A58002FDD22 /* Sources */ = {
			isa = PBXSourcesBuildPhase;
			buildActionMask = 2147483647;
			files = (
				C33C777C29763BB8002FDD22 /* HomeItemCell.swift in Sources */,
				C33C776C2975A76C002FDD22 /* Coordinator.swift in Sources */,
				C33C779429770D4E002FDD22 /* HomeItemCellViewModel.swift in Sources */,
				C33C778E2976F605002FDD22 /* LoadMenuUseCase.swift in Sources */,
				C33C77922976F78C002FDD22 /* HomeViewModel.swift in Sources */,
				C33C778B2976F503002FDD22 /* MenuRepository.swift in Sources */,
				C33C7799297761CB002FDD22 /* ApiClienteService.swift in Sources */,
				C33C772029759A58002FDD22 /* ViewController.swift in Sources */,
				C33C778029763F7B002FDD22 /* ReuseIdentifierCell.swift in Sources */,
				C33C777E29763D19002FDD22 /* UIView+Contraints.swift in Sources */,
				C33C777229760B9E002FDD22 /* HomeFactory.swift in Sources */,
				C33C77882976F4A2002FDD22 /* MenuItem.swift in Sources */,
				C33C771C29759A58002FDD22 /* AppDelegate.swift in Sources */,
				C33C779C297798FC002FDD22 /* ApiError.swift in Sources */,
				C33C771E29759A58002FDD22 /* SceneDelegate.swift in Sources */,
				C33C77962977536D002FDD22 /* StateController.swift in Sources */,
				C33C77792976336A002FDD22 /* HomeView.swift in Sources */,
				C33C778229764715002FDD22 /* ResourceImage.swift in Sources */,
				C33C779F297827BF002FDD22 /* HttpStatusResponse.swift in Sources */,
				C33C776E2975A81C002FDD22 /* AppFactory.swift in Sources */,
				C33C777029760B41002FDD22 /* HomeCoordinator.swift in Sources */,
			);
			runOnlyForDeploymentPostprocessing = 0;
		};
		C33C772A29759A5A002FDD22 /* Sources */ = {
			isa = PBXSourcesBuildPhase;
			buildActionMask = 2147483647;
			files = (
				C33C773329759A5A002FDD22 /* RickAndMortyTests.swift in Sources */,
			);
			runOnlyForDeploymentPostprocessing = 0;
		};
		C33C773429759A5A002FDD22 /* Sources */ = {
			isa = PBXSourcesBuildPhase;
			buildActionMask = 2147483647;
			files = (
			);
			runOnlyForDeploymentPostprocessing = 0;
		};
/* End PBXSourcesBuildPhase section */

/* Begin PBXTargetDependency section */
		C33C773029759A5A002FDD22 /* PBXTargetDependency */ = {
			isa = PBXTargetDependency;
			target = C33C771729759A58002FDD22 /* RickAndMorty */;
			targetProxy = C33C772F29759A5A002FDD22 /* PBXContainerItemProxy */;
		};
		C33C773A29759A5A002FDD22 /* PBXTargetDependency */ = {
			isa = PBXTargetDependency;
			target = C33C771729759A58002FDD22 /* RickAndMorty */;
			targetProxy = C33C773929759A5A002FDD22 /* PBXContainerItemProxy */;
		};
/* End PBXTargetDependency section */

/* Begin PBXVariantGroup section */
		C33C772629759A5A002FDD22 /* LaunchScreen.storyboard */ = {
			isa = PBXVariantGroup;
			children = (
				C33C772729759A5A002FDD22 /* Base */,
			);
			name = LaunchScreen.storyboard;
			sourceTree = "<group>";
		};
/* End PBXVariantGroup section */

/* Begin XCBuildConfiguration section */
		C33C774029759A5A002FDD22 /* Debug */ = {
			isa = XCBuildConfiguration;
			buildSettings = {
				ALWAYS_SEARCH_USER_PATHS = NO;
				CLANG_ANALYZER_NONNULL = YES;
				CLANG_ANALYZER_NUMBER_OBJECT_CONVERSION = YES_AGGRESSIVE;
				CLANG_CXX_LANGUAGE_STANDARD = "gnu++17";
				CLANG_ENABLE_MODULES = YES;
				CLANG_ENABLE_OBJC_ARC = YES;
				CLANG_ENABLE_OBJC_WEAK = YES;
				CLANG_WARN_BLOCK_CAPTURE_AUTORELEASING = YES;
				CLANG_WARN_BOOL_CONVERSION = YES;
				CLANG_WARN_COMMA = YES;
				CLANG_WARN_CONSTANT_CONVERSION = YES;
				CLANG_WARN_DEPRECATED_OBJC_IMPLEMENTATIONS = YES;
				CLANG_WARN_DIRECT_OBJC_ISA_USAGE = YES_ERROR;
				CLANG_WARN_DOCUMENTATION_COMMENTS = YES;
				CLANG_WARN_EMPTY_BODY = YES;
				CLANG_WARN_ENUM_CONVERSION = YES;
				CLANG_WARN_INFINITE_RECURSION = YES;
				CLANG_WARN_INT_CONVERSION = YES;
				CLANG_WARN_NON_LITERAL_NULL_CONVERSION = YES;
				CLANG_WARN_OBJC_IMPLICIT_RETAIN_SELF = YES;
				CLANG_WARN_OBJC_LITERAL_CONVERSION = YES;
				CLANG_WARN_OBJC_ROOT_CLASS = YES_ERROR;
				CLANG_WARN_QUOTED_INCLUDE_IN_FRAMEWORK_HEADER = YES;
				CLANG_WARN_RANGE_LOOP_ANALYSIS = YES;
				CLANG_WARN_STRICT_PROTOTYPES = YES;
				CLANG_WARN_SUSPICIOUS_MOVE = YES;
				CLANG_WARN_UNGUARDED_AVAILABILITY = YES_AGGRESSIVE;
				CLANG_WARN_UNREACHABLE_CODE = YES;
				CLANG_WARN__DUPLICATE_METHOD_MATCH = YES;
				COPY_PHASE_STRIP = NO;
				DEBUG_INFORMATION_FORMAT = dwarf;
				ENABLE_STRICT_OBJC_MSGSEND = YES;
				ENABLE_TESTABILITY = YES;
				GCC_C_LANGUAGE_STANDARD = gnu11;
				GCC_DYNAMIC_NO_PIC = NO;
				GCC_NO_COMMON_BLOCKS = YES;
				GCC_OPTIMIZATION_LEVEL = 0;
				GCC_PREPROCESSOR_DEFINITIONS = (
					"DEBUG=1",
					"$(inherited)",
				);
				GCC_WARN_64_TO_32_BIT_CONVERSION = YES;
				GCC_WARN_ABOUT_RETURN_TYPE = YES_ERROR;
				GCC_WARN_UNDECLARED_SELECTOR = YES;
				GCC_WARN_UNINITIALIZED_AUTOS = YES_AGGRESSIVE;
				GCC_WARN_UNUSED_FUNCTION = YES;
				GCC_WARN_UNUSED_VARIABLE = YES;
				IPHONEOS_DEPLOYMENT_TARGET = 15.5;
				MTL_ENABLE_DEBUG_INFO = INCLUDE_SOURCE;
				MTL_FAST_MATH = YES;
				ONLY_ACTIVE_ARCH = YES;
				SDKROOT = iphoneos;
				SWIFT_ACTIVE_COMPILATION_CONDITIONS = DEBUG;
				SWIFT_OPTIMIZATION_LEVEL = "-Onone";
			};
			name = Debug;
		};
		C33C774129759A5A002FDD22 /* Release */ = {
			isa = XCBuildConfiguration;
			buildSettings = {
				ALWAYS_SEARCH_USER_PATHS = NO;
				CLANG_ANALYZER_NONNULL = YES;
				CLANG_ANALYZER_NUMBER_OBJECT_CONVERSION = YES_AGGRESSIVE;
				CLANG_CXX_LANGUAGE_STANDARD = "gnu++17";
				CLANG_ENABLE_MODULES = YES;
				CLANG_ENABLE_OBJC_ARC = YES;
				CLANG_ENABLE_OBJC_WEAK = YES;
				CLANG_WARN_BLOCK_CAPTURE_AUTORELEASING = YES;
				CLANG_WARN_BOOL_CONVERSION = YES;
				CLANG_WARN_COMMA = YES;
				CLANG_WARN_CONSTANT_CONVERSION = YES;
				CLANG_WARN_DEPRECATED_OBJC_IMPLEMENTATIONS = YES;
				CLANG_WARN_DIRECT_OBJC_ISA_USAGE = YES_ERROR;
				CLANG_WARN_DOCUMENTATION_COMMENTS = YES;
				CLANG_WARN_EMPTY_BODY = YES;
				CLANG_WARN_ENUM_CONVERSION = YES;
				CLANG_WARN_INFINITE_RECURSION = YES;
				CLANG_WARN_INT_CONVERSION = YES;
				CLANG_WARN_NON_LITERAL_NULL_CONVERSION = YES;
				CLANG_WARN_OBJC_IMPLICIT_RETAIN_SELF = YES;
				CLANG_WARN_OBJC_LITERAL_CONVERSION = YES;
				CLANG_WARN_OBJC_ROOT_CLASS = YES_ERROR;
				CLANG_WARN_QUOTED_INCLUDE_IN_FRAMEWORK_HEADER = YES;
				CLANG_WARN_RANGE_LOOP_ANALYSIS = YES;
				CLANG_WARN_STRICT_PROTOTYPES = YES;
				CLANG_WARN_SUSPICIOUS_MOVE = YES;
				CLANG_WARN_UNGUARDED_AVAILABILITY = YES_AGGRESSIVE;
				CLANG_WARN_UNREACHABLE_CODE = YES;
				CLANG_WARN__DUPLICATE_METHOD_MATCH = YES;
				COPY_PHASE_STRIP = NO;
				DEBUG_INFORMATION_FORMAT = "dwarf-with-dsym";
				ENABLE_NS_ASSERTIONS = NO;
				ENABLE_STRICT_OBJC_MSGSEND = YES;
				GCC_C_LANGUAGE_STANDARD = gnu11;
				GCC_NO_COMMON_BLOCKS = YES;
				GCC_WARN_64_TO_32_BIT_CONVERSION = YES;
				GCC_WARN_ABOUT_RETURN_TYPE = YES_ERROR;
				GCC_WARN_UNDECLARED_SELECTOR = YES;
				GCC_WARN_UNINITIALIZED_AUTOS = YES_AGGRESSIVE;
				GCC_WARN_UNUSED_FUNCTION = YES;
				GCC_WARN_UNUSED_VARIABLE = YES;
				IPHONEOS_DEPLOYMENT_TARGET = 15.5;
				MTL_ENABLE_DEBUG_INFO = NO;
				MTL_FAST_MATH = YES;
				SDKROOT = iphoneos;
				SWIFT_COMPILATION_MODE = wholemodule;
				SWIFT_OPTIMIZATION_LEVEL = "-O";
				VALIDATE_PRODUCT = YES;
			};
			name = Release;
		};
		C33C774329759A5A002FDD22 /* Debug */ = {
			isa = XCBuildConfiguration;
			buildSettings = {
				ASSETCATALOG_COMPILER_APPICON_NAME = AppIcon;
				ASSETCATALOG_COMPILER_GLOBAL_ACCENT_COLOR_NAME = AccentColor;
				CODE_SIGN_STYLE = Automatic;
				CURRENT_PROJECT_VERSION = 1;
				DEVELOPMENT_TEAM = VWTQSR7SQY;
				GENERATE_INFOPLIST_FILE = YES;
				INFOPLIST_FILE = RickAndMorty/Info.plist;
				INFOPLIST_KEY_UIApplicationSupportsIndirectInputEvents = YES;
				INFOPLIST_KEY_UILaunchStoryboardName = LaunchScreen;
				INFOPLIST_KEY_UIMainStoryboardFile = "";
				INFOPLIST_KEY_UISupportedInterfaceOrientations = UIInterfaceOrientationPortrait;
				INFOPLIST_KEY_UISupportedInterfaceOrientations_iPad = "UIInterfaceOrientationPortrait UIInterfaceOrientationPortraitUpsideDown UIInterfaceOrientationLandscapeLeft UIInterfaceOrientationLandscapeRight";
				INFOPLIST_KEY_UISupportedInterfaceOrientations_iPhone = "UIInterfaceOrientationPortrait UIInterfaceOrientationLandscapeLeft UIInterfaceOrientationLandscapeRight";
				LD_RUNPATH_SEARCH_PATHS = (
					"$(inherited)",
					"@executable_path/Frameworks",
				);
				MARKETING_VERSION = 1.0;
				PRODUCT_BUNDLE_IDENTIFIER = ken.RickAndMorty;
				PRODUCT_NAME = "$(TARGET_NAME)";
				SWIFT_EMIT_LOC_STRINGS = YES;
				SWIFT_VERSION = 5.0;
				TARGETED_DEVICE_FAMILY = 1;
			};
			name = Debug;
		};
		C33C774429759A5A002FDD22 /* Release */ = {
			isa = XCBuildConfiguration;
			buildSettings = {
				ASSETCATALOG_COMPILER_APPICON_NAME = AppIcon;
				ASSETCATALOG_COMPILER_GLOBAL_ACCENT_COLOR_NAME = AccentColor;
				CODE_SIGN_STYLE = Automatic;
				CURRENT_PROJECT_VERSION = 1;
				DEVELOPMENT_TEAM = VWTQSR7SQY;
				GENERATE_INFOPLIST_FILE = YES;
				INFOPLIST_FILE = RickAndMorty/Info.plist;
				INFOPLIST_KEY_UIApplicationSupportsIndirectInputEvents = YES;
				INFOPLIST_KEY_UILaunchStoryboardName = LaunchScreen;
				INFOPLIST_KEY_UIMainStoryboardFile = "";
				INFOPLIST_KEY_UISupportedInterfaceOrientations = UIInterfaceOrientationPortrait;
				INFOPLIST_KEY_UISupportedInterfaceOrientations_iPad = "UIInterfaceOrientationPortrait UIInterfaceOrientationPortraitUpsideDown UIInterfaceOrientationLandscapeLeft UIInterfaceOrientationLandscapeRight";
				INFOPLIST_KEY_UISupportedInterfaceOrientations_iPhone = "UIInterfaceOrientationPortrait UIInterfaceOrientationLandscapeLeft UIInterfaceOrientationLandscapeRight";
				LD_RUNPATH_SEARCH_PATHS = (
					"$(inherited)",
					"@executable_path/Frameworks",
				);
				MARKETING_VERSION = 1.0;
				PRODUCT_BUNDLE_IDENTIFIER = ken.RickAndMorty;
				PRODUCT_NAME = "$(TARGET_NAME)";
				SWIFT_EMIT_LOC_STRINGS = YES;
				SWIFT_VERSION = 5.0;
				TARGETED_DEVICE_FAMILY = 1;
			};
			name = Release;
		};
		C33C774629759A5A002FDD22 /* Debug */ = {
			isa = XCBuildConfiguration;
			buildSettings = {
				ALWAYS_EMBED_SWIFT_STANDARD_LIBRARIES = YES;
				BUNDLE_LOADER = "$(TEST_HOST)";
				CODE_SIGN_STYLE = Automatic;
				CURRENT_PROJECT_VERSION = 1;
				DEVELOPMENT_TEAM = VWTQSR7SQY;
				GENERATE_INFOPLIST_FILE = YES;
				IPHONEOS_DEPLOYMENT_TARGET = 15.5;
				MARKETING_VERSION = 1.0;
				PRODUCT_BUNDLE_IDENTIFIER = ken.RickAndMortyTests;
				PRODUCT_NAME = "$(TARGET_NAME)";
				SWIFT_EMIT_LOC_STRINGS = NO;
				SWIFT_VERSION = 5.0;
				TARGETED_DEVICE_FAMILY = "1,2";
				TEST_HOST = "$(BUILT_PRODUCTS_DIR)/RickAndMorty.app/RickAndMorty";
			};
			name = Debug;
		};
		C33C774729759A5A002FDD22 /* Release */ = {
			isa = XCBuildConfiguration;
			buildSettings = {
				ALWAYS_EMBED_SWIFT_STANDARD_LIBRARIES = YES;
				BUNDLE_LOADER = "$(TEST_HOST)";
				CODE_SIGN_STYLE = Automatic;
				CURRENT_PROJECT_VERSION = 1;
				DEVELOPMENT_TEAM = VWTQSR7SQY;
				GENERATE_INFOPLIST_FILE = YES;
				IPHONEOS_DEPLOYMENT_TARGET = 15.5;
				MARKETING_VERSION = 1.0;
				PRODUCT_BUNDLE_IDENTIFIER = ken.RickAndMortyTests;
				PRODUCT_NAME = "$(TARGET_NAME)";
				SWIFT_EMIT_LOC_STRINGS = NO;
				SWIFT_VERSION = 5.0;
				TARGETED_DEVICE_FAMILY = "1,2";
				TEST_HOST = "$(BUILT_PRODUCTS_DIR)/RickAndMorty.app/RickAndMorty";
			};
			name = Release;
		};
		C33C774929759A5A002FDD22 /* Debug */ = {
			isa = XCBuildConfiguration;
			buildSettings = {
				ALWAYS_EMBED_SWIFT_STANDARD_LIBRARIES = YES;
				CODE_SIGN_STYLE = Automatic;
				CURRENT_PROJECT_VERSION = 1;
				DEVELOPMENT_TEAM = VWTQSR7SQY;
				GENERATE_INFOPLIST_FILE = YES;
				MARKETING_VERSION = 1.0;
				PRODUCT_BUNDLE_IDENTIFIER = ken.RickAndMortyUITests;
				PRODUCT_NAME = "$(TARGET_NAME)";
				SWIFT_EMIT_LOC_STRINGS = NO;
				SWIFT_VERSION = 5.0;
				TARGETED_DEVICE_FAMILY = "1,2";
				TEST_TARGET_NAME = RickAndMorty;
			};
			name = Debug;
		};
		C33C774A29759A5A002FDD22 /* Release */ = {
			isa = XCBuildConfiguration;
			buildSettings = {
				ALWAYS_EMBED_SWIFT_STANDARD_LIBRARIES = YES;
				CODE_SIGN_STYLE = Automatic;
				CURRENT_PROJECT_VERSION = 1;
				DEVELOPMENT_TEAM = VWTQSR7SQY;
				GENERATE_INFOPLIST_FILE = YES;
				MARKETING_VERSION = 1.0;
				PRODUCT_BUNDLE_IDENTIFIER = ken.RickAndMortyUITests;
				PRODUCT_NAME = "$(TARGET_NAME)";
				SWIFT_EMIT_LOC_STRINGS = NO;
				SWIFT_VERSION = 5.0;
				TARGETED_DEVICE_FAMILY = "1,2";
				TEST_TARGET_NAME = RickAndMorty;
			};
			name = Release;
		};
/* End XCBuildConfiguration section */

/* Begin XCConfigurationList section */
		C33C771329759A58002FDD22 /* Build configuration list for PBXProject "RickAndMorty" */ = {
			isa = XCConfigurationList;
			buildConfigurations = (
				C33C774029759A5A002FDD22 /* Debug */,
				C33C774129759A5A002FDD22 /* Release */,
			);
			defaultConfigurationIsVisible = 0;
			defaultConfigurationName = Release;
		};
		C33C774229759A5A002FDD22 /* Build configuration list for PBXNativeTarget "RickAndMorty" */ = {
			isa = XCConfigurationList;
			buildConfigurations = (
				C33C774329759A5A002FDD22 /* Debug */,
				C33C774429759A5A002FDD22 /* Release */,
			);
			defaultConfigurationIsVisible = 0;
			defaultConfigurationName = Release;
		};
		C33C774529759A5A002FDD22 /* Build configuration list for PBXNativeTarget "RickAndMortyTests" */ = {
			isa = XCConfigurationList;
			buildConfigurations = (
				C33C774629759A5A002FDD22 /* Debug */,
				C33C774729759A5A002FDD22 /* Release */,
			);
			defaultConfigurationIsVisible = 0;
			defaultConfigurationName = Release;
		};
		C33C774829759A5A002FDD22 /* Build configuration list for PBXNativeTarget "RickAndMortyUITests" */ = {
			isa = XCConfigurationList;
			buildConfigurations = (
				C33C774929759A5A002FDD22 /* Debug */,
				C33C774A29759A5A002FDD22 /* Release */,
			);
			defaultConfigurationIsVisible = 0;
			defaultConfigurationName = Release;
		};
/* End XCConfigurationList section */
	};
	rootObject = C33C771029759A58002FDD22 /* Project object */;
}
